
Microsoft Visual Studio Solution File, Format Version 12.00
# Visual Studio 14
VisualStudioVersion = 14.0.23107.0
MinimumVisualStudioVersion = 10.0.40219.1
Project("{FAE04EC0-301F-11D3-BF4B-00C04F79EFBC}") = "APM.WebAPI", "APM.WebAPI\APM.WebAPI.csproj", "{BD078039-EC26-49EE-A64D-DA026C1FA9F0}"
EndProject
Project("{E24C65DC-7377-472B-9ABA-BC803B73C61A}") = "APM.Client", "APM.Client\", "{5384C138-625D-42F1-87AB-03A0A74FA284}"
	ProjectSection(WebsiteProperties) = preProject
		TargetFrameworkMoniker = ".NETFramework,Version%3Dv4.5.2"
		Debug.AspNetCompiler.VirtualPath = "/localhost_50390"
		Debug.AspNetCompiler.PhysicalPath = "APM.Client\"
		Debug.AspNetCompiler.TargetPath = "PrecompiledWeb\localhost_50390\"
		Debug.AspNetCompiler.Updateable = "true"
		Debug.AspNetCompiler.ForceOverwrite = "true"
		Debug.AspNetCompiler.FixedNames = "false"
		Debug.AspNetCompiler.Debug = "True"
		Release.AspNetCompiler.VirtualPath = "/localhost_50390"
		Release.AspNetCompiler.PhysicalPath = "APM.Client\"
		Release.AspNetCompiler.TargetPath = "PrecompiledWeb\localhost_50390\"
		Release.AspNetCompiler.Updateable = "true"
		Release.AspNetCompiler.ForceOverwrite = "true"
		Release.AspNetCompiler.FixedNames = "false"
		Release.AspNetCompiler.Debug = "False"
		VWDPort = "50390"
		SlnRelativePath = "APM.Client\"
		DefaultWebSiteLanguage = "Visual C#"
	EndProjectSection
EndProject
Project("{E24C65DC-7377-472B-9ABA-BC803B73C61A}") = "ExpenseReporter", "..\fromscratch\ExpenseReporter\", "{B2796717-41DB-4918-8DDF-05A52CB12FCF}"
	ProjectSection(WebsiteProperties) = preProject
		TargetFrameworkMoniker = ".NETFramework,Version%3Dv4.0"
		Debug.AspNetCompiler.VirtualPath = "/localhost_47135"
		Debug.AspNetCompiler.PhysicalPath = "..\fromscratch\ExpenseReporter\"
		Debug.AspNetCompiler.TargetPath = "PrecompiledWeb\localhost_47135\"
		Debug.AspNetCompiler.Updateable = "true"
		Debug.AspNetCompiler.ForceOverwrite = "true"
		Debug.AspNetCompiler.FixedNames = "false"
		Debug.AspNetCompiler.Debug = "True"
		Release.AspNetCompiler.VirtualPath = "/localhost_47135"
		Release.AspNetCompiler.PhysicalPath = "..\fromscratch\ExpenseReporter\"
		Release.AspNetCompiler.TargetPath = "PrecompiledWeb\localhost_47135\"
		Release.AspNetCompiler.Updateable = "true"
		Release.AspNetCompiler.ForceOverwrite = "true"
		Release.AspNetCompiler.FixedNames = "false"
		Release.AspNetCompiler.Debug = "False"
		VWDPort = "47135"
		SlnRelativePath = "..\fromscratch\ExpenseReporter\"
	EndProjectSection
EndProject
Project("{E24C65DC-7377-472B-9ABA-BC803B73C61A}") = "APM.Client2", "..\APM.Client2\", "{7D234CBC-6817-4459-9855-37423651ADBD}"
	ProjectSection(WebsiteProperties) = preProject
		TargetFrameworkMoniker = ".NETFramework,Version%3Dv4.5.2"
		Debug.AspNetCompiler.VirtualPath = "/localhost_32967"
		Debug.AspNetCompiler.PhysicalPath = "..\APM.Client2\"
		Debug.AspNetCompiler.TargetPath = "PrecompiledWeb\localhost_32967\"
		Debug.AspNetCompiler.Updateable = "true"
		Debug.AspNetCompiler.ForceOverwrite = "true"
		Debug.AspNetCompiler.FixedNames = "false"
		Debug.AspNetCompiler.Debug = "True"
		Release.AspNetCompiler.VirtualPath = "/localhost_32967"
		Release.AspNetCompiler.PhysicalPath = "..\APM.Client2\"
		Release.AspNetCompiler.TargetPath = "PrecompiledWeb\localhost_32967\"
		Release.AspNetCompiler.Updateable = "true"
		Release.AspNetCompiler.ForceOverwrite = "true"
		Release.AspNetCompiler.FixedNames = "false"
		Release.AspNetCompiler.Debug = "False"
		VWDPort = "32967"
		SlnRelativePath = "..\APM.Client2\"
		DefaultWebSiteLanguage = "Visual C#"
	EndProjectSection
EndProject
Global
	GlobalSection(SolutionConfigurationPlatforms) = preSolution
		Debug|Any CPU = Debug|Any CPU
		Release|Any CPU = Release|Any CPU
	EndGlobalSection
	GlobalSection(ProjectConfigurationPlatforms) = postSolution
		{BD078039-EC26-49EE-A64D-DA026C1FA9F0}.Debug|Any CPU.ActiveCfg = Debug|Any CPU
		{BD078039-EC26-49EE-A64D-DA026C1FA9F0}.Debug|Any CPU.Build.0 = Debug|Any CPU
		{BD078039-EC26-49EE-A64D-DA026C1FA9F0}.Release|Any CPU.ActiveCfg = Release|Any CPU
		{BD078039-EC26-49EE-A64D-DA026C1FA9F0}.Release|Any CPU.Build.0 = Release|Any CPU
		{5384C138-625D-42F1-87AB-03A0A74FA284}.Debug|Any CPU.ActiveCfg = Debug|Any CPU
		{5384C138-625D-42F1-87AB-03A0A74FA284}.Debug|Any CPU.Build.0 = Debug|Any CPU
		{5384C138-625D-42F1-87AB-03A0A74FA284}.Release|Any CPU.ActiveCfg = Debug|Any CPU
		{5384C138-625D-42F1-87AB-03A0A74FA284}.Release|Any CPU.Build.0 = Debug|Any CPU
		{B2796717-41DB-4918-8DDF-05A52CB12FCF}.Debug|Any CPU.ActiveCfg = Debug|Any CPU
		{B2796717-41DB-4918-8DDF-05A52CB12FCF}.Debug|Any CPU.Build.0 = Debug|Any CPU
		{B2796717-41DB-4918-8DDF-05A52CB12FCF}.Release|Any CPU.ActiveCfg = Debug|Any CPU
		{B2796717-41DB-4918-8DDF-05A52CB12FCF}.Release|Any CPU.Build.0 = Debug|Any CPU
		{7D234CBC-6817-4459-9855-37423651ADBD}.Debug|Any CPU.ActiveCfg = Debug|Any CPU
		{7D234CBC-6817-4459-9855-37423651ADBD}.Debug|Any CPU.Build.0 = Debug|Any CPU
		{7D234CBC-6817-4459-9855-37423651ADBD}.Release|Any CPU.ActiveCfg = Debug|Any CPU
		{7D234CBC-6817-4459-9855-37423651ADBD}.Release|Any CPU.Build.0 = Debug|Any CPU
	EndGlobalSection
	GlobalSection(SolutionProperties) = preSolution
		HideSolutionNode = FALSE
	EndGlobalSection
EndGlobal
